
Microsoft Visual Studio Solution File, Format Version 12.00
# Visual Studio Version 17
VisualStudioVersion = 17.0.31903.59
MinimumVisualStudioVersion = 10.0.40219.1
Project("{FAE04EC0-301F-11D3-BF4B-00C04F79EFBC}") = "DorevTelegramBot", "DorevTelegramBot\DorevTelegramBot.csproj", "{9C43E0C3-8C8C-4315-B550-AB98E8BE4960}"
EndProject
Project("{FAE04EC0-301F-11D3-BF4B-00C04F79EFBC}") = "DorevConsoleApp", "DorevConsoleApp\DorevConsoleApp.csproj", "{EFD0DFC9-F337-4EE3-9927-8F1D05E64804}"
EndProject
Project("{FAE04EC0-301F-11D3-BF4B-00C04F79EFBC}") = "DorevLibrary", "DorevLibrary\DorevLibrary.csproj", "{3E1DE622-4EF7-42C5-A1E7-14D32E6C3D4C}"
EndProject
Project("{FAE04EC0-301F-11D3-BF4B-00C04F79EFBC}") = "DorevLibrary.Tests", "DorevLibrary.Tests\DorevLibrary.Tests.csproj", "{93570F99-2B5E-4040-9473-375226997B09}"
EndProject
Project("{2150E333-8FDC-42A3-9474-1A3956D46DE8}") = "Tests", "Tests", "{0F31204E-B509-4E32-B64A-D358CBC89A5A}"
EndProject
Global
	GlobalSection(SolutionConfigurationPlatforms) = preSolution
		Debug|Any CPU = Debug|Any CPU
		Release|Any CPU = Release|Any CPU
	EndGlobalSection
	GlobalSection(SolutionProperties) = preSolution
		HideSolutionNode = FALSE
	EndGlobalSection
	GlobalSection(ProjectConfigurationPlatforms) = postSolution
		{9C43E0C3-8C8C-4315-B550-AB98E8BE4960}.Debug|Any CPU.ActiveCfg = Debug|Any CPU
		{9C43E0C3-8C8C-4315-B550-AB98E8BE4960}.Debug|Any CPU.Build.0 = Debug|Any CPU
		{9C43E0C3-8C8C-4315-B550-AB98E8BE4960}.Release|Any CPU.ActiveCfg = Release|Any CPU
		{9C43E0C3-8C8C-4315-B550-AB98E8BE4960}.Release|Any CPU.Build.0 = Release|Any CPU
		{EFD0DFC9-F337-4EE3-9927-8F1D05E64804}.Debug|Any CPU.ActiveCfg = Debug|Any CPU
		{EFD0DFC9-F337-4EE3-9927-8F1D05E64804}.Debug|Any CPU.Build.0 = Debug|Any CPU
		{EFD0DFC9-F337-4EE3-9927-8F1D05E64804}.Release|Any CPU.ActiveCfg = Release|Any CPU
		{EFD0DFC9-F337-4EE3-9927-8F1D05E64804}.Release|Any CPU.Build.0 = Release|Any CPU
		{3E1DE622-4EF7-42C5-A1E7-14D32E6C3D4C}.Debug|Any CPU.ActiveCfg = Debug|Any CPU
		{3E1DE622-4EF7-42C5-A1E7-14D32E6C3D4C}.Debug|Any CPU.Build.0 = Debug|Any CPU
		{3E1DE622-4EF7-42C5-A1E7-14D32E6C3D4C}.Release|Any CPU.ActiveCfg = Release|Any CPU
		{3E1DE622-4EF7-42C5-A1E7-14D32E6C3D4C}.Release|Any CPU.Build.0 = Release|Any CPU
		{93570F99-2B5E-4040-9473-375226997B09}.Debug|Any CPU.ActiveCfg = Debug|Any CPU
		{93570F99-2B5E-4040-9473-375226997B09}.Debug|Any CPU.Build.0 = Debug|Any CPU
		{93570F99-2B5E-4040-9473-375226997B09}.Release|Any CPU.ActiveCfg = Release|Any CPU
		{93570F99-2B5E-4040-9473-375226997B09}.Release|Any CPU.Build.0 = Release|Any CPU
	EndGlobalSection
	GlobalSection(NestedProjects) = preSolution
		{93570F99-2B5E-4040-9473-375226997B09} = {0F31204E-B509-4E32-B64A-D358CBC89A5A}
	EndGlobalSection
EndGlobal
