
Microsoft Visual Studio Solution File, Format Version 12.00
# Visual Studio Version 17
VisualStudioVersion = 17.0.31903.59
MinimumVisualStudioVersion = 10.0.40219.1
Project("{FAE04EC0-301F-11D3-BF4B-00C04F79EFBC}") = "DorevTelegramBot", "DorevTelegramBot\DorevTelegramBot.csproj", "{9C43E0C3-8C8C-4315-B550-AB98E8BE4960}"
EndProject
Project("{FAE04EC0-301F-11D3-BF4B-00C04F79EFBC}") = "DorevConsoleApp", "DorevConsoleApp\DorevConsoleApp.csproj", "{EFD0DFC9-F337-4EE3-9927-8F1D05E64804}"
EndProject
Global
	GlobalSection(SolutionConfigurationPlatforms) = preSolution
		Debug|Any CPU = Debug|Any CPU
		Release|Any CPU = Release|Any CPU
	EndGlobalSection
	GlobalSection(SolutionProperties) = preSolution
		HideSolutionNode = FALSE
	EndGlobalSection
	GlobalSection(ProjectConfigurationPlatforms) = postSolution
		{9C43E0C3-8C8C-4315-B550-AB98E8BE4960}.Debug|Any CPU.ActiveCfg = Debug|Any CPU
		{9C43E0C3-8C8C-4315-B550-AB98E8BE4960}.Debug|Any CPU.Build.0 = Debug|Any CPU
		{9C43E0C3-8C8C-4315-B550-AB98E8BE4960}.Release|Any CPU.ActiveCfg = Release|Any CPU
		{9C43E0C3-8C8C-4315-B550-AB98E8BE4960}.Release|Any CPU.Build.0 = Release|Any CPU
		{EFD0DFC9-F337-4EE3-9927-8F1D05E64804}.Debug|Any CPU.ActiveCfg = Debug|Any CPU
		{EFD0DFC9-F337-4EE3-9927-8F1D05E64804}.Debug|Any CPU.Build.0 = Debug|Any CPU
		{EFD0DFC9-F337-4EE3-9927-8F1D05E64804}.Release|Any CPU.ActiveCfg = Release|Any CPU
		{EFD0DFC9-F337-4EE3-9927-8F1D05E64804}.Release|Any CPU.Build.0 = Release|Any CPU
	EndGlobalSection
EndGlobal
